// !$*UTF8*$!
{
	archiveVersion = 1;
	classes = {
	};
	objectVersion = 56;
	objects = {

/* Begin PBXBuildFile section */
		FD9720332B35899600068359 /* DateViewController.swift in Sources */ = {isa = PBXBuildFile; fileRef = FD9720322B35899600068359 /* DateViewController.swift */; };
		FD9720392B35D08700068359 /* DateContentView.swift in Sources */ = {isa = PBXBuildFile; fileRef = FD9720382B35D08700068359 /* DateContentView.swift */; };
		FD97203E2B35DE5E00068359 /* CameraViewController.swift in Sources */ = {isa = PBXBuildFile; fileRef = FD97203D2B35DE5E00068359 /* CameraViewController.swift */; };
		FD9720402B35DE7400068359 /* CameraContentView.swift in Sources */ = {isa = PBXBuildFile; fileRef = FD97203F2B35DE7400068359 /* CameraContentView.swift */; };
		FD9720452B36076200068359 /* HistoryCell.swift in Sources */ = {isa = PBXBuildFile; fileRef = FD9720442B36076200068359 /* HistoryCell.swift */; };
		FD9720472B36097700068359 /* InfoLabel.swift in Sources */ = {isa = PBXBuildFile; fileRef = FD9720462B36097700068359 /* InfoLabel.swift */; };
		FD97204B2B386EE800068359 /* ValueLabel.swift in Sources */ = {isa = PBXBuildFile; fileRef = FD97204A2B386EE800068359 /* ValueLabel.swift */; };
		FD97204E2B38791F00068359 /* AlertConteiner.swift in Sources */ = {isa = PBXBuildFile; fileRef = FD97204D2B38791F00068359 /* AlertConteiner.swift */; };
		FD9720502B387E1600068359 /* MainCell.swift in Sources */ = {isa = PBXBuildFile; fileRef = FD97204F2B387E1600068359 /* MainCell.swift */; };
		FD9720542B389A1B00068359 /* PhotoViewController.swift in Sources */ = {isa = PBXBuildFile; fileRef = FD9720532B389A1B00068359 /* PhotoViewController.swift */; };
		FD9720562B389A4300068359 /* PhotoContentView.swift in Sources */ = {isa = PBXBuildFile; fileRef = FD9720552B389A4300068359 /* PhotoContentView.swift */; };
		FDF4D0B82B32264B005ED3A3 /* AppDelegate.swift in Sources */ = {isa = PBXBuildFile; fileRef = FDF4D0B72B32264B005ED3A3 /* AppDelegate.swift */; };
		FDF4D0BA2B32264B005ED3A3 /* SceneDelegate.swift in Sources */ = {isa = PBXBuildFile; fileRef = FDF4D0B92B32264B005ED3A3 /* SceneDelegate.swift */; };
		FDF4D0BC2B32264B005ED3A3 /* PreloaderViewController.swift in Sources */ = {isa = PBXBuildFile; fileRef = FDF4D0BB2B32264B005ED3A3 /* PreloaderViewController.swift */; };
		FDF4D0C22B32264B005ED3A3 /* MarsNikitaVolkodav.xcdatamodeld in Sources */ = {isa = PBXBuildFile; fileRef = FDF4D0C02B32264B005ED3A3 /* MarsNikitaVolkodav.xcdatamodeld */; };
		FDF4D0C42B32264C005ED3A3 /* Assets.xcassets in Resources */ = {isa = PBXBuildFile; fileRef = FDF4D0C32B32264C005ED3A3 /* Assets.xcassets */; };
		FDF4D0C72B32264C005ED3A3 /* LaunchScreen.storyboard in Resources */ = {isa = PBXBuildFile; fileRef = FDF4D0C52B32264C005ED3A3 /* LaunchScreen.storyboard */; };
		FDF4D0D32B32326F005ED3A3 /* Loader.json in Resources */ = {isa = PBXBuildFile; fileRef = FDF4D0D22B32326E005ED3A3 /* Loader.json */; };
		FDF4D0D62B323527005ED3A3 /* Lottie in Frameworks */ = {isa = PBXBuildFile; productRef = FDF4D0D52B323527005ED3A3 /* Lottie */; };
		FDF4D0DA2B324F61005ED3A3 /* Main.storyboard in Resources */ = {isa = PBXBuildFile; fileRef = FDF4D0D92B324F61005ED3A3 /* Main.storyboard */; };
		FDF4D0DC2B3256B1005ED3A3 /* MainViewController.swift in Sources */ = {isa = PBXBuildFile; fileRef = FDF4D0DB2B3256B1005ED3A3 /* MainViewController.swift */; };
		FDF4D0DE2B32F02B005ED3A3 /* CustomNavigationView.swift in Sources */ = {isa = PBXBuildFile; fileRef = FDF4D0DD2B32F02B005ED3A3 /* CustomNavigationView.swift */; };
		FDF4D0E32B335BD2005ED3A3 /* CustomFilterButton.swift in Sources */ = {isa = PBXBuildFile; fileRef = FDF4D0E22B335BD2005ED3A3 /* CustomFilterButton.swift */; };
		FDF4D0E52B336396005ED3A3 /* testUI.xib in Resources */ = {isa = PBXBuildFile; fileRef = FDF4D0E42B336396005ED3A3 /* testUI.xib */; };
		FDF4D0FA2B3368EC005ED3A3 /* SF-Pro-Display-Thin.otf in Resources */ = {isa = PBXBuildFile; fileRef = FDF4D0E82B3368EB005ED3A3 /* SF-Pro-Display-Thin.otf */; };
		FDF4D1042B3368EC005ED3A3 /* SF-Pro-Display-Regular.otf in Resources */ = {isa = PBXBuildFile; fileRef = FDF4D0F22B3368EC005ED3A3 /* SF-Pro-Display-Regular.otf */; };
		FDF4D1052B3368EC005ED3A3 /* SF-Pro-Display-Black.otf in Resources */ = {isa = PBXBuildFile; fileRef = FDF4D0F32B3368EC005ED3A3 /* SF-Pro-Display-Black.otf */; };
		FDF4D1072B3368EC005ED3A3 /* SF-Pro-Display-Semibold.otf in Resources */ = {isa = PBXBuildFile; fileRef = FDF4D0F52B3368EC005ED3A3 /* SF-Pro-Display-Semibold.otf */; };
		FDF4D1092B3368EC005ED3A3 /* SF-Pro-Display-Bold.otf in Resources */ = {isa = PBXBuildFile; fileRef = FDF4D0F72B3368EC005ED3A3 /* SF-Pro-Display-Bold.otf */; };
		FDF4D10B2B3368EC005ED3A3 /* SF-Pro-Display-Heavy.otf in Resources */ = {isa = PBXBuildFile; fileRef = FDF4D0F92B3368EC005ED3A3 /* SF-Pro-Display-Heavy.otf */; };
		FDF4D1212B339CE5005ED3A3 /* HistoryViewController.swift in Sources */ = {isa = PBXBuildFile; fileRef = FDF4D1202B339CE5005ED3A3 /* HistoryViewController.swift */; };
		FDF4D1242B339F6E005ED3A3 /* HistoryNavigationView.swift in Sources */ = {isa = PBXBuildFile; fileRef = FDF4D1232B339F6E005ED3A3 /* HistoryNavigationView.swift */; };
		FDFDBAB52B398889005D4531 /* CloseButton.swift in Sources */ = {isa = PBXBuildFile; fileRef = FDFDBAB42B398889005D4531 /* CloseButton.swift */; };
		FDFDBAB72B398976005D4531 /* DoneButton.swift in Sources */ = {isa = PBXBuildFile; fileRef = FDFDBAB62B398976005D4531 /* DoneButton.swift */; };
		FDFDBAB92B398AB7005D4531 /* TitlePickerLabel.swift in Sources */ = {isa = PBXBuildFile; fileRef = FDFDBAB82B398AB7005D4531 /* TitlePickerLabel.swift */; };
		FDFDBABB2B398C86005D4531 /* NavigationTitleLabel.swift in Sources */ = {isa = PBXBuildFile; fileRef = FDFDBABA2B398C86005D4531 /* NavigationTitleLabel.swift */; };
		FDFDBABE2B39B797005D4531 /* FilterModel.swift in Sources */ = {isa = PBXBuildFile; fileRef = FDFDBABD2B39B797005D4531 /* FilterModel.swift */; };
		FDFDBAC02B39B8D1005D4531 /* HistoryService.swift in Sources */ = {isa = PBXBuildFile; fileRef = FDFDBABF2B39B8D1005D4531 /* HistoryService.swift */; };
		FDFDBAC22B39B90F005D4531 /* KeyСontainer.swift in Sources */ = {isa = PBXBuildFile; fileRef = FDFDBAC12B39B90F005D4531 /* KeyСontainer.swift */; };
		FDFDBAC62B3A049A005D4531 /* Delegates.swift in Sources */ = {isa = PBXBuildFile; fileRef = FDFDBAC52B3A049A005D4531 /* Delegates.swift */; };
		FDFDBAC82B3A0839005D4531 /* DateFormaterService.swift in Sources */ = {isa = PBXBuildFile; fileRef = FDFDBAC72B3A0839005D4531 /* DateFormaterService.swift */; };
		FDFDBACA2B3A0CEC005D4531 /* CameraModel.swift in Sources */ = {isa = PBXBuildFile; fileRef = FDFDBAC92B3A0CEC005D4531 /* CameraModel.swift */; };
		FDFDBACC2B3A0D37005D4531 /* CameraData.swift in Sources */ = {isa = PBXBuildFile; fileRef = FDFDBACB2B3A0D37005D4531 /* CameraData.swift */; };
/* End PBXBuildFile section */

/* Begin PBXFileReference section */
		FD9720322B35899600068359 /* DateViewController.swift */ = {isa = PBXFileReference; lastKnownFileType = sourcecode.swift; path = DateViewController.swift; sourceTree = "<group>"; };
		FD9720382B35D08700068359 /* DateContentView.swift */ = {isa = PBXFileReference; lastKnownFileType = sourcecode.swift; path = DateContentView.swift; sourceTree = "<group>"; };
		FD97203D2B35DE5E00068359 /* CameraViewController.swift */ = {isa = PBXFileReference; lastKnownFileType = sourcecode.swift; path = CameraViewController.swift; sourceTree = "<group>"; };
		FD97203F2B35DE7400068359 /* CameraContentView.swift */ = {isa = PBXFileReference; lastKnownFileType = sourcecode.swift; path = CameraContentView.swift; sourceTree = "<group>"; };
		FD9720442B36076200068359 /* HistoryCell.swift */ = {isa = PBXFileReference; lastKnownFileType = sourcecode.swift; path = HistoryCell.swift; sourceTree = "<group>"; };
		FD9720462B36097700068359 /* InfoLabel.swift */ = {isa = PBXFileReference; lastKnownFileType = sourcecode.swift; path = InfoLabel.swift; sourceTree = "<group>"; };
		FD97204A2B386EE800068359 /* ValueLabel.swift */ = {isa = PBXFileReference; lastKnownFileType = sourcecode.swift; path = ValueLabel.swift; sourceTree = "<group>"; };
		FD97204D2B38791F00068359 /* AlertConteiner.swift */ = {isa = PBXFileReference; lastKnownFileType = sourcecode.swift; path = AlertConteiner.swift; sourceTree = "<group>"; };
		FD97204F2B387E1600068359 /* MainCell.swift */ = {isa = PBXFileReference; lastKnownFileType = sourcecode.swift; path = MainCell.swift; sourceTree = "<group>"; };
		FD9720532B389A1B00068359 /* PhotoViewController.swift */ = {isa = PBXFileReference; lastKnownFileType = sourcecode.swift; path = PhotoViewController.swift; sourceTree = "<group>"; };
		FD9720552B389A4300068359 /* PhotoContentView.swift */ = {isa = PBXFileReference; lastKnownFileType = sourcecode.swift; path = PhotoContentView.swift; sourceTree = "<group>"; };
		FDF4D0B42B32264B005ED3A3 /* MarsNikitaVolkodav.app */ = {isa = PBXFileReference; explicitFileType = wrapper.application; includeInIndex = 0; path = MarsNikitaVolkodav.app; sourceTree = BUILT_PRODUCTS_DIR; };
		FDF4D0B72B32264B005ED3A3 /* AppDelegate.swift */ = {isa = PBXFileReference; lastKnownFileType = sourcecode.swift; path = AppDelegate.swift; sourceTree = "<group>"; };
		FDF4D0B92B32264B005ED3A3 /* SceneDelegate.swift */ = {isa = PBXFileReference; lastKnownFileType = sourcecode.swift; path = SceneDelegate.swift; sourceTree = "<group>"; };
		FDF4D0BB2B32264B005ED3A3 /* PreloaderViewController.swift */ = {isa = PBXFileReference; lastKnownFileType = sourcecode.swift; path = PreloaderViewController.swift; sourceTree = "<group>"; };
		FDF4D0C12B32264B005ED3A3 /* MarsNikitaVolkodav.xcdatamodel */ = {isa = PBXFileReference; lastKnownFileType = wrapper.xcdatamodel; path = MarsNikitaVolkodav.xcdatamodel; sourceTree = "<group>"; };
		FDF4D0C32B32264C005ED3A3 /* Assets.xcassets */ = {isa = PBXFileReference; lastKnownFileType = folder.assetcatalog; path = Assets.xcassets; sourceTree = "<group>"; };
		FDF4D0C62B32264C005ED3A3 /* Base */ = {isa = PBXFileReference; lastKnownFileType = file.storyboard; name = Base; path = Base.lproj/LaunchScreen.storyboard; sourceTree = "<group>"; };
		FDF4D0C82B32264C005ED3A3 /* Info.plist */ = {isa = PBXFileReference; lastKnownFileType = text.plist.xml; path = Info.plist; sourceTree = "<group>"; };
		FDF4D0D22B32326E005ED3A3 /* Loader.json */ = {isa = PBXFileReference; fileEncoding = 4; lastKnownFileType = text.json; path = Loader.json; sourceTree = "<group>"; };
		FDF4D0D92B324F61005ED3A3 /* Main.storyboard */ = {isa = PBXFileReference; lastKnownFileType = file.storyboard; path = Main.storyboard; sourceTree = "<group>"; };
		FDF4D0DB2B3256B1005ED3A3 /* MainViewController.swift */ = {isa = PBXFileReference; lastKnownFileType = sourcecode.swift; path = MainViewController.swift; sourceTree = "<group>"; };
		FDF4D0DD2B32F02B005ED3A3 /* CustomNavigationView.swift */ = {isa = PBXFileReference; lastKnownFileType = sourcecode.swift; path = CustomNavigationView.swift; sourceTree = "<group>"; };
		FDF4D0E22B335BD2005ED3A3 /* CustomFilterButton.swift */ = {isa = PBXFileReference; lastKnownFileType = sourcecode.swift; path = CustomFilterButton.swift; sourceTree = "<group>"; };
		FDF4D0E42B336396005ED3A3 /* testUI.xib */ = {isa = PBXFileReference; lastKnownFileType = file.xib; path = testUI.xib; sourceTree = "<group>"; };
		FDF4D0E82B3368EB005ED3A3 /* SF-Pro-Display-Thin.otf */ = {isa = PBXFileReference; lastKnownFileType = file; path = "SF-Pro-Display-Thin.otf"; sourceTree = "<group>"; };
		FDF4D0F22B3368EC005ED3A3 /* SF-Pro-Display-Regular.otf */ = {isa = PBXFileReference; lastKnownFileType = file; path = "SF-Pro-Display-Regular.otf"; sourceTree = "<group>"; };
		FDF4D0F32B3368EC005ED3A3 /* SF-Pro-Display-Black.otf */ = {isa = PBXFileReference; lastKnownFileType = file; path = "SF-Pro-Display-Black.otf"; sourceTree = "<group>"; };
		FDF4D0F52B3368EC005ED3A3 /* SF-Pro-Display-Semibold.otf */ = {isa = PBXFileReference; lastKnownFileType = file; path = "SF-Pro-Display-Semibold.otf"; sourceTree = "<group>"; };
		FDF4D0F72B3368EC005ED3A3 /* SF-Pro-Display-Bold.otf */ = {isa = PBXFileReference; lastKnownFileType = file; path = "SF-Pro-Display-Bold.otf"; sourceTree = "<group>"; };
		FDF4D0F92B3368EC005ED3A3 /* SF-Pro-Display-Heavy.otf */ = {isa = PBXFileReference; lastKnownFileType = file; path = "SF-Pro-Display-Heavy.otf"; sourceTree = "<group>"; };
		FDF4D1202B339CE5005ED3A3 /* HistoryViewController.swift */ = {isa = PBXFileReference; lastKnownFileType = sourcecode.swift; path = HistoryViewController.swift; sourceTree = "<group>"; };
		FDF4D1232B339F6E005ED3A3 /* HistoryNavigationView.swift */ = {isa = PBXFileReference; lastKnownFileType = sourcecode.swift; path = HistoryNavigationView.swift; sourceTree = "<group>"; };
		FDFDBAB42B398889005D4531 /* CloseButton.swift */ = {isa = PBXFileReference; lastKnownFileType = sourcecode.swift; path = CloseButton.swift; sourceTree = "<group>"; };
		FDFDBAB62B398976005D4531 /* DoneButton.swift */ = {isa = PBXFileReference; lastKnownFileType = sourcecode.swift; path = DoneButton.swift; sourceTree = "<group>"; };
		FDFDBAB82B398AB7005D4531 /* TitlePickerLabel.swift */ = {isa = PBXFileReference; lastKnownFileType = sourcecode.swift; path = TitlePickerLabel.swift; sourceTree = "<group>"; };
		FDFDBABA2B398C86005D4531 /* NavigationTitleLabel.swift */ = {isa = PBXFileReference; lastKnownFileType = sourcecode.swift; path = NavigationTitleLabel.swift; sourceTree = "<group>"; };
		FDFDBABD2B39B797005D4531 /* FilterModel.swift */ = {isa = PBXFileReference; lastKnownFileType = sourcecode.swift; path = FilterModel.swift; sourceTree = "<group>"; };
		FDFDBABF2B39B8D1005D4531 /* HistoryService.swift */ = {isa = PBXFileReference; lastKnownFileType = sourcecode.swift; path = HistoryService.swift; sourceTree = "<group>"; };
		FDFDBAC12B39B90F005D4531 /* KeyСontainer.swift */ = {isa = PBXFileReference; lastKnownFileType = sourcecode.swift; path = "KeyСontainer.swift"; sourceTree = "<group>"; };
		FDFDBAC52B3A049A005D4531 /* Delegates.swift */ = {isa = PBXFileReference; lastKnownFileType = sourcecode.swift; path = Delegates.swift; sourceTree = "<group>"; };
		FDFDBAC72B3A0839005D4531 /* DateFormaterService.swift */ = {isa = PBXFileReference; lastKnownFileType = sourcecode.swift; path = DateFormaterService.swift; sourceTree = "<group>"; };
		FDFDBAC92B3A0CEC005D4531 /* CameraModel.swift */ = {isa = PBXFileReference; lastKnownFileType = sourcecode.swift; path = CameraModel.swift; sourceTree = "<group>"; };
		FDFDBACB2B3A0D37005D4531 /* CameraData.swift */ = {isa = PBXFileReference; lastKnownFileType = sourcecode.swift; path = CameraData.swift; sourceTree = "<group>"; };
/* End PBXFileReference section */

/* Begin PBXFrameworksBuildPhase section */
		FDF4D0B12B32264B005ED3A3 /* Frameworks */ = {
			isa = PBXFrameworksBuildPhase;
			buildActionMask = 2147483647;
			files = (
				FDF4D0D62B323527005ED3A3 /* Lottie in Frameworks */,
			);
			runOnlyForDeploymentPostprocessing = 0;
		};
/* End PBXFrameworksBuildPhase section */

/* Begin PBXGroup section */
		FD9720342B35899900068359 /* DateVC */ = {
			isa = PBXGroup;
			children = (
				FD9720352B3589AE00068359 /* Views */,
				FD9720322B35899600068359 /* DateViewController.swift */,
			);
			path = DateVC;
			sourceTree = "<group>";
		};
		FD9720352B3589AE00068359 /* Views */ = {
			isa = PBXGroup;
			children = (
				FD9720382B35D08700068359 /* DateContentView.swift */,
			);
			path = Views;
			sourceTree = "<group>";
		};
		FD97203A2B35DE3100068359 /* CameraVC */ = {
			isa = PBXGroup;
			children = (
				FD97203C2B35DE4800068359 /* Views */,
				FD97203D2B35DE5E00068359 /* CameraViewController.swift */,
			);
			path = CameraVC;
			sourceTree = "<group>";
		};
		FD97203C2B35DE4800068359 /* Views */ = {
			isa = PBXGroup;
			children = (
				FD97203F2B35DE7400068359 /* CameraContentView.swift */,
			);
			path = Views;
			sourceTree = "<group>";
		};
		FD9720432B36055700068359 /* Views */ = {
			isa = PBXGroup;
			children = (
				FD9720442B36076200068359 /* HistoryCell.swift */,
			);
			path = Views;
			sourceTree = "<group>";
		};
		FD97204C2B38791400068359 /* Services */ = {
			isa = PBXGroup;
			children = (
				FD97204D2B38791F00068359 /* AlertConteiner.swift */,
				FDFDBABF2B39B8D1005D4531 /* HistoryService.swift */,
				FDFDBAC12B39B90F005D4531 /* KeyСontainer.swift */,
				FDFDBAC52B3A049A005D4531 /* Delegates.swift */,
				FDFDBAC72B3A0839005D4531 /* DateFormaterService.swift */,
			);
			path = Services;
			sourceTree = "<group>";
		};
		FD9720512B3899EE00068359 /* PhotoVC */ = {
			isa = PBXGroup;
			children = (
				FD9720522B389A0000068359 /* Views */,
				FD9720532B389A1B00068359 /* PhotoViewController.swift */,
			);
			path = PhotoVC;
			sourceTree = "<group>";
		};
		FD9720522B389A0000068359 /* Views */ = {
			isa = PBXGroup;
			children = (
				FD9720552B389A4300068359 /* PhotoContentView.swift */,
			);
			path = Views;
			sourceTree = "<group>";
		};
		FDF4D0AB2B32264A005ED3A3 = {
			isa = PBXGroup;
			children = (
				FDF4D0B62B32264B005ED3A3 /* MarsNikitaVolkodav */,
				FDF4D0B52B32264B005ED3A3 /* Products */,
			);
			sourceTree = "<group>";
		};
		FDF4D0B52B32264B005ED3A3 /* Products */ = {
			isa = PBXGroup;
			children = (
				FDF4D0B42B32264B005ED3A3 /* MarsNikitaVolkodav.app */,
			);
			name = Products;
			sourceTree = "<group>";
		};
		FDF4D0B62B32264B005ED3A3 /* MarsNikitaVolkodav */ = {
			isa = PBXGroup;
			children = (
				FDFDBABC2B39B758005D4531 /* Models */,
				FD97204C2B38791400068359 /* Services */,
				FDF4D11C2B3395A1005ED3A3 /* CustomViews */,
				FDF4D11B2B33952B005ED3A3 /* LifecycleApp */,
				FDF4D11A2B339497005ED3A3 /* SuportingFiles */,
				FDF4D1192B339455005ED3A3 /* ViewControllers */,
				FDF4D0DF2B3348C5005ED3A3 /* Fonts */,
				FDF4D0E42B336396005ED3A3 /* testUI.xib */,
			);
			path = MarsNikitaVolkodav;
			sourceTree = "<group>";
		};
		FDF4D0DF2B3348C5005ED3A3 /* Fonts */ = {
			isa = PBXGroup;
			children = (
				FDF4D0F32B3368EC005ED3A3 /* SF-Pro-Display-Black.otf */,
				FDF4D0F72B3368EC005ED3A3 /* SF-Pro-Display-Bold.otf */,
				FDF4D0F92B3368EC005ED3A3 /* SF-Pro-Display-Heavy.otf */,
				FDF4D0F22B3368EC005ED3A3 /* SF-Pro-Display-Regular.otf */,
				FDF4D0F52B3368EC005ED3A3 /* SF-Pro-Display-Semibold.otf */,
				FDF4D0E82B3368EB005ED3A3 /* SF-Pro-Display-Thin.otf */,
			);
			path = Fonts;
			sourceTree = "<group>";
		};
		FDF4D1192B339455005ED3A3 /* ViewControllers */ = {
			isa = PBXGroup;
			children = (
				FD9720512B3899EE00068359 /* PhotoVC */,
				FD97203A2B35DE3100068359 /* CameraVC */,
				FD9720342B35899900068359 /* DateVC */,
				FDF4D1222B339CEC005ED3A3 /* HistoryVC */,
				FDF4D11E2B3395C9005ED3A3 /* MainVC */,
				FDF4D11D2B3395B7005ED3A3 /* PreloaderVC */,
			);
			path = ViewControllers;
			sourceTree = "<group>";
		};
		FDF4D11A2B339497005ED3A3 /* SuportingFiles */ = {
			isa = PBXGroup;
			children = (
				FDF4D0C02B32264B005ED3A3 /* MarsNikitaVolkodav.xcdatamodeld */,
				FDF4D0C82B32264C005ED3A3 /* Info.plist */,
				FDF4D0C52B32264C005ED3A3 /* LaunchScreen.storyboard */,
				FDF4D0D22B32326E005ED3A3 /* Loader.json */,
				FDF4D0C32B32264C005ED3A3 /* Assets.xcassets */,
				FDF4D0D92B324F61005ED3A3 /* Main.storyboard */,
			);
			path = SuportingFiles;
			sourceTree = "<group>";
		};
		FDF4D11B2B33952B005ED3A3 /* LifecycleApp */ = {
			isa = PBXGroup;
			children = (
				FDF4D0B92B32264B005ED3A3 /* SceneDelegate.swift */,
				FDF4D0B72B32264B005ED3A3 /* AppDelegate.swift */,
			);
			path = LifecycleApp;
			sourceTree = "<group>";
		};
		FDF4D11C2B3395A1005ED3A3 /* CustomViews */ = {
			isa = PBXGroup;
			children = (
				FDF4D0DD2B32F02B005ED3A3 /* CustomNavigationView.swift */,
				FDF4D1232B339F6E005ED3A3 /* HistoryNavigationView.swift */,
				FDFDBABA2B398C86005D4531 /* NavigationTitleLabel.swift */,
				FD9720462B36097700068359 /* InfoLabel.swift */,
				FD97204A2B386EE800068359 /* ValueLabel.swift */,
				FDFDBAB82B398AB7005D4531 /* TitlePickerLabel.swift */,
				FDF4D0E22B335BD2005ED3A3 /* CustomFilterButton.swift */,
				FDFDBAB42B398889005D4531 /* CloseButton.swift */,
				FDFDBAB62B398976005D4531 /* DoneButton.swift */,
			);
			path = CustomViews;
			sourceTree = "<group>";
		};
		FDF4D11D2B3395B7005ED3A3 /* PreloaderVC */ = {
			isa = PBXGroup;
			children = (
				FDF4D0BB2B32264B005ED3A3 /* PreloaderViewController.swift */,
			);
			path = PreloaderVC;
			sourceTree = "<group>";
		};
		FDF4D11E2B3395C9005ED3A3 /* MainVC */ = {
			isa = PBXGroup;
			children = (
				FDF4D11F2B3395D6005ED3A3 /* Views */,
				FDF4D0DB2B3256B1005ED3A3 /* MainViewController.swift */,
			);
			path = MainVC;
			sourceTree = "<group>";
		};
		FDF4D11F2B3395D6005ED3A3 /* Views */ = {
			isa = PBXGroup;
			children = (
				FD97204F2B387E1600068359 /* MainCell.swift */,
			);
			path = Views;
			sourceTree = "<group>";
		};
		FDF4D1222B339CEC005ED3A3 /* HistoryVC */ = {
			isa = PBXGroup;
			children = (
				FD9720432B36055700068359 /* Views */,
				FDF4D1202B339CE5005ED3A3 /* HistoryViewController.swift */,
			);
			path = HistoryVC;
			sourceTree = "<group>";
		};
		FDFDBABC2B39B758005D4531 /* Models */ = {
			isa = PBXGroup;
			children = (
				FDFDBABD2B39B797005D4531 /* FilterModel.swift */,
				FDFDBAC92B3A0CEC005D4531 /* CameraModel.swift */,
				FDFDBACB2B3A0D37005D4531 /* CameraData.swift */,
			);
			path = Models;
			sourceTree = "<group>";
		};
/* End PBXGroup section */

/* Begin PBXNativeTarget section */
		FDF4D0B32B32264B005ED3A3 /* MarsNikitaVolkodav */ = {
			isa = PBXNativeTarget;
			buildConfigurationList = FDF4D0CB2B32264C005ED3A3 /* Build configuration list for PBXNativeTarget "MarsNikitaVolkodav" */;
			buildPhases = (
				FDF4D0B02B32264B005ED3A3 /* Sources */,
				FDF4D0B12B32264B005ED3A3 /* Frameworks */,
				FDF4D0B22B32264B005ED3A3 /* Resources */,
			);
			buildRules = (
			);
			dependencies = (
			);
			name = MarsNikitaVolkodav;
			packageProductDependencies = (
				FDF4D0D52B323527005ED3A3 /* Lottie */,
			);
			productName = MarsNikitaVolkodav;
			productReference = FDF4D0B42B32264B005ED3A3 /* MarsNikitaVolkodav.app */;
			productType = "com.apple.product-type.application";
		};
/* End PBXNativeTarget section */

/* Begin PBXProject section */
		FDF4D0AC2B32264A005ED3A3 /* Project object */ = {
			isa = PBXProject;
			attributes = {
				BuildIndependentTargetsInParallel = 1;
				LastSwiftUpdateCheck = 1430;
				LastUpgradeCheck = 1430;
				TargetAttributes = {
					FDF4D0B32B32264B005ED3A3 = {
						CreatedOnToolsVersion = 14.3.1;
					};
				};
			};
			buildConfigurationList = FDF4D0AF2B32264A005ED3A3 /* Build configuration list for PBXProject "MarsNikitaVolkodav" */;
			compatibilityVersion = "Xcode 14.0";
			developmentRegion = en;
			hasScannedForEncodings = 0;
			knownRegions = (
				en,
				Base,
			);
			mainGroup = FDF4D0AB2B32264A005ED3A3;
			packageReferences = (
				FDF4D0D42B323527005ED3A3 /* XCRemoteSwiftPackageReference "lottie-ios" */,
			);
			productRefGroup = FDF4D0B52B32264B005ED3A3 /* Products */;
			projectDirPath = "";
			projectRoot = "";
			targets = (
				FDF4D0B32B32264B005ED3A3 /* MarsNikitaVolkodav */,
			);
		};
/* End PBXProject section */

/* Begin PBXResourcesBuildPhase section */
		FDF4D0B22B32264B005ED3A3 /* Resources */ = {
			isa = PBXResourcesBuildPhase;
			buildActionMask = 2147483647;
			files = (
				FDF4D0C72B32264C005ED3A3 /* LaunchScreen.storyboard in Resources */,
				FDF4D0C42B32264C005ED3A3 /* Assets.xcassets in Resources */,
				FDF4D1072B3368EC005ED3A3 /* SF-Pro-Display-Semibold.otf in Resources */,
				FDF4D0FA2B3368EC005ED3A3 /* SF-Pro-Display-Thin.otf in Resources */,
				FDF4D10B2B3368EC005ED3A3 /* SF-Pro-Display-Heavy.otf in Resources */,
				FDF4D0D32B32326F005ED3A3 /* Loader.json in Resources */,
				FDF4D1092B3368EC005ED3A3 /* SF-Pro-Display-Bold.otf in Resources */,
				FDF4D1042B3368EC005ED3A3 /* SF-Pro-Display-Regular.otf in Resources */,
				FDF4D0E52B336396005ED3A3 /* testUI.xib in Resources */,
				FDF4D0DA2B324F61005ED3A3 /* Main.storyboard in Resources */,
				FDF4D1052B3368EC005ED3A3 /* SF-Pro-Display-Black.otf in Resources */,
			);
			runOnlyForDeploymentPostprocessing = 0;
		};
/* End PBXResourcesBuildPhase section */

/* Begin PBXSourcesBuildPhase section */
		FDF4D0B02B32264B005ED3A3 /* Sources */ = {
			isa = PBXSourcesBuildPhase;
			buildActionMask = 2147483647;
			files = (
				FD9720472B36097700068359 /* InfoLabel.swift in Sources */,
				FD9720402B35DE7400068359 /* CameraContentView.swift in Sources */,
				FD9720392B35D08700068359 /* DateContentView.swift in Sources */,
				FD9720332B35899600068359 /* DateViewController.swift in Sources */,
				FDF4D0C22B32264B005ED3A3 /* MarsNikitaVolkodav.xcdatamodeld in Sources */,
				FDF4D0BC2B32264B005ED3A3 /* PreloaderViewController.swift in Sources */,
				FD97204E2B38791F00068359 /* AlertConteiner.swift in Sources */,
				FDF4D0B82B32264B005ED3A3 /* AppDelegate.swift in Sources */,
				FDFDBAB92B398AB7005D4531 /* TitlePickerLabel.swift in Sources */,
				FD9720502B387E1600068359 /* MainCell.swift in Sources */,
				FDFDBAC22B39B90F005D4531 /* KeyСontainer.swift in Sources */,
				FD97203E2B35DE5E00068359 /* CameraViewController.swift in Sources */,
				FDFDBAC82B3A0839005D4531 /* DateFormaterService.swift in Sources */,
				FDFDBACC2B3A0D37005D4531 /* CameraData.swift in Sources */,
				FDFDBACA2B3A0CEC005D4531 /* CameraModel.swift in Sources */,
				FDFDBAC02B39B8D1005D4531 /* HistoryService.swift in Sources */,
				FD97204B2B386EE800068359 /* ValueLabel.swift in Sources */,
				FDFDBAC62B3A049A005D4531 /* Delegates.swift in Sources */,
				FDF4D0DE2B32F02B005ED3A3 /* CustomNavigationView.swift in Sources */,
				FD9720452B36076200068359 /* HistoryCell.swift in Sources */,
				FD9720562B389A4300068359 /* PhotoContentView.swift in Sources */,
				FDF4D0BA2B32264B005ED3A3 /* SceneDelegate.swift in Sources */,
				FDF4D0E32B335BD2005ED3A3 /* CustomFilterButton.swift in Sources */,
				FDF4D1242B339F6E005ED3A3 /* HistoryNavigationView.swift in Sources */,
				FDFDBAB72B398976005D4531 /* DoneButton.swift in Sources */,
				FDF4D0DC2B3256B1005ED3A3 /* MainViewController.swift in Sources */,
				FDFDBABE2B39B797005D4531 /* FilterModel.swift in Sources */,
				FDFDBAB52B398889005D4531 /* CloseButton.swift in Sources */,
				FD9720542B389A1B00068359 /* PhotoViewController.swift in Sources */,
				FDF4D1212B339CE5005ED3A3 /* HistoryViewController.swift in Sources */,
				FDFDBABB2B398C86005D4531 /* NavigationTitleLabel.swift in Sources */,
			);
			runOnlyForDeploymentPostprocessing = 0;
		};
/* End PBXSourcesBuildPhase section */

/* Begin PBXVariantGroup section */
		FDF4D0C52B32264C005ED3A3 /* LaunchScreen.storyboard */ = {
			isa = PBXVariantGroup;
			children = (
				FDF4D0C62B32264C005ED3A3 /* Base */,
			);
			name = LaunchScreen.storyboard;
			sourceTree = "<group>";
		};
/* End PBXVariantGroup section */

/* Begin XCBuildConfiguration section */
		FDF4D0C92B32264C005ED3A3 /* Debug */ = {
			isa = XCBuildConfiguration;
			buildSettings = {
				ALWAYS_SEARCH_USER_PATHS = NO;
				CLANG_ANALYZER_NONNULL = YES;
				CLANG_ANALYZER_NUMBER_OBJECT_CONVERSION = YES_AGGRESSIVE;
				CLANG_CXX_LANGUAGE_STANDARD = "gnu++20";
				CLANG_ENABLE_MODULES = YES;
				CLANG_ENABLE_OBJC_ARC = YES;
				CLANG_ENABLE_OBJC_WEAK = YES;
				CLANG_WARN_BLOCK_CAPTURE_AUTORELEASING = YES;
				CLANG_WARN_BOOL_CONVERSION = YES;
				CLANG_WARN_COMMA = YES;
				CLANG_WARN_CONSTANT_CONVERSION = YES;
				CLANG_WARN_DEPRECATED_OBJC_IMPLEMENTATIONS = YES;
				CLANG_WARN_DIRECT_OBJC_ISA_USAGE = YES_ERROR;
				CLANG_WARN_DOCUMENTATION_COMMENTS = YES;
				CLANG_WARN_EMPTY_BODY = YES;
				CLANG_WARN_ENUM_CONVERSION = YES;
				CLANG_WARN_INFINITE_RECURSION = YES;
				CLANG_WARN_INT_CONVERSION = YES;
				CLANG_WARN_NON_LITERAL_NULL_CONVERSION = YES;
				CLANG_WARN_OBJC_IMPLICIT_RETAIN_SELF = YES;
				CLANG_WARN_OBJC_LITERAL_CONVERSION = YES;
				CLANG_WARN_OBJC_ROOT_CLASS = YES_ERROR;
				CLANG_WARN_QUOTED_INCLUDE_IN_FRAMEWORK_HEADER = YES;
				CLANG_WARN_RANGE_LOOP_ANALYSIS = YES;
				CLANG_WARN_STRICT_PROTOTYPES = YES;
				CLANG_WARN_SUSPICIOUS_MOVE = YES;
				CLANG_WARN_UNGUARDED_AVAILABILITY = YES_AGGRESSIVE;
				CLANG_WARN_UNREACHABLE_CODE = YES;
				CLANG_WARN__DUPLICATE_METHOD_MATCH = YES;
				COPY_PHASE_STRIP = NO;
				DEBUG_INFORMATION_FORMAT = dwarf;
				ENABLE_STRICT_OBJC_MSGSEND = YES;
				ENABLE_TESTABILITY = YES;
				GCC_C_LANGUAGE_STANDARD = gnu11;
				GCC_DYNAMIC_NO_PIC = NO;
				GCC_NO_COMMON_BLOCKS = YES;
				GCC_OPTIMIZATION_LEVEL = 0;
				GCC_PREPROCESSOR_DEFINITIONS = (
					"DEBUG=1",
					"$(inherited)",
				);
				GCC_WARN_64_TO_32_BIT_CONVERSION = YES;
				GCC_WARN_ABOUT_RETURN_TYPE = YES_ERROR;
				GCC_WARN_UNDECLARED_SELECTOR = YES;
				GCC_WARN_UNINITIALIZED_AUTOS = YES_AGGRESSIVE;
				GCC_WARN_UNUSED_FUNCTION = YES;
				GCC_WARN_UNUSED_VARIABLE = YES;
				IPHONEOS_DEPLOYMENT_TARGET = 16.4;
				MTL_ENABLE_DEBUG_INFO = INCLUDE_SOURCE;
				MTL_FAST_MATH = YES;
				ONLY_ACTIVE_ARCH = YES;
				SDKROOT = iphoneos;
				SWIFT_ACTIVE_COMPILATION_CONDITIONS = DEBUG;
				SWIFT_OPTIMIZATION_LEVEL = "-Onone";
			};
			name = Debug;
		};
		FDF4D0CA2B32264C005ED3A3 /* Release */ = {
			isa = XCBuildConfiguration;
			buildSettings = {
				ALWAYS_SEARCH_USER_PATHS = NO;
				CLANG_ANALYZER_NONNULL = YES;
				CLANG_ANALYZER_NUMBER_OBJECT_CONVERSION = YES_AGGRESSIVE;
				CLANG_CXX_LANGUAGE_STANDARD = "gnu++20";
				CLANG_ENABLE_MODULES = YES;
				CLANG_ENABLE_OBJC_ARC = YES;
				CLANG_ENABLE_OBJC_WEAK = YES;
				CLANG_WARN_BLOCK_CAPTURE_AUTORELEASING = YES;
				CLANG_WARN_BOOL_CONVERSION = YES;
				CLANG_WARN_COMMA = YES;
				CLANG_WARN_CONSTANT_CONVERSION = YES;
				CLANG_WARN_DEPRECATED_OBJC_IMPLEMENTATIONS = YES;
				CLANG_WARN_DIRECT_OBJC_ISA_USAGE = YES_ERROR;
				CLANG_WARN_DOCUMENTATION_COMMENTS = YES;
				CLANG_WARN_EMPTY_BODY = YES;
				CLANG_WARN_ENUM_CONVERSION = YES;
				CLANG_WARN_INFINITE_RECURSION = YES;
				CLANG_WARN_INT_CONVERSION = YES;
				CLANG_WARN_NON_LITERAL_NULL_CONVERSION = YES;
				CLANG_WARN_OBJC_IMPLICIT_RETAIN_SELF = YES;
				CLANG_WARN_OBJC_LITERAL_CONVERSION = YES;
				CLANG_WARN_OBJC_ROOT_CLASS = YES_ERROR;
				CLANG_WARN_QUOTED_INCLUDE_IN_FRAMEWORK_HEADER = YES;
				CLANG_WARN_RANGE_LOOP_ANALYSIS = YES;
				CLANG_WARN_STRICT_PROTOTYPES = YES;
				CLANG_WARN_SUSPICIOUS_MOVE = YES;
				CLANG_WARN_UNGUARDED_AVAILABILITY = YES_AGGRESSIVE;
				CLANG_WARN_UNREACHABLE_CODE = YES;
				CLANG_WARN__DUPLICATE_METHOD_MATCH = YES;
				COPY_PHASE_STRIP = NO;
				DEBUG_INFORMATION_FORMAT = "dwarf-with-dsym";
				ENABLE_NS_ASSERTIONS = NO;
				ENABLE_STRICT_OBJC_MSGSEND = YES;
				GCC_C_LANGUAGE_STANDARD = gnu11;
				GCC_NO_COMMON_BLOCKS = YES;
				GCC_WARN_64_TO_32_BIT_CONVERSION = YES;
				GCC_WARN_ABOUT_RETURN_TYPE = YES_ERROR;
				GCC_WARN_UNDECLARED_SELECTOR = YES;
				GCC_WARN_UNINITIALIZED_AUTOS = YES_AGGRESSIVE;
				GCC_WARN_UNUSED_FUNCTION = YES;
				GCC_WARN_UNUSED_VARIABLE = YES;
				IPHONEOS_DEPLOYMENT_TARGET = 16.4;
				MTL_ENABLE_DEBUG_INFO = NO;
				MTL_FAST_MATH = YES;
				SDKROOT = iphoneos;
				SWIFT_COMPILATION_MODE = wholemodule;
				SWIFT_OPTIMIZATION_LEVEL = "-O";
				VALIDATE_PRODUCT = YES;
			};
			name = Release;
		};
		FDF4D0CC2B32264C005ED3A3 /* Debug */ = {
			isa = XCBuildConfiguration;
			buildSettings = {
				ASSETCATALOG_COMPILER_APPICON_NAME = AppIcon;
				ASSETCATALOG_COMPILER_GLOBAL_ACCENT_COLOR_NAME = AccentColor;
				CODE_SIGN_STYLE = Automatic;
				CURRENT_PROJECT_VERSION = 1;
				DEVELOPMENT_TEAM = 5XHF8YABJ7;
				GENERATE_INFOPLIST_FILE = YES;
				INFOPLIST_FILE = MarsNikitaVolkodav/SuportingFiles/Info.plist;
				INFOPLIST_KEY_UIApplicationSupportsIndirectInputEvents = YES;
				INFOPLIST_KEY_UILaunchStoryboardName = Main.storyboard;
				INFOPLIST_KEY_UIMainStoryboardFile = Main;
				INFOPLIST_KEY_UIStatusBarStyle = "";
				INFOPLIST_KEY_UISupportedInterfaceOrientations = UIInterfaceOrientationPortrait;
				INFOPLIST_KEY_UISupportedInterfaceOrientations_iPad = "UIInterfaceOrientationLandscapeLeft UIInterfaceOrientationLandscapeRight UIInterfaceOrientationPortrait UIInterfaceOrientationPortraitUpsideDown";
				IPHONEOS_DEPLOYMENT_TARGET = 14.0;
				LD_RUNPATH_SEARCH_PATHS = (
					"$(inherited)",
					"@executable_path/Frameworks",
				);
				MARKETING_VERSION = 1.0;
				PRODUCT_BUNDLE_IDENTIFIER = com.ua.NikitaVolkodav.MarsNikitaVolkodav;
				PRODUCT_NAME = "$(TARGET_NAME)";
				SUPPORTED_PLATFORMS = "iphoneos iphonesimulator";
				SUPPORTS_MACCATALYST = NO;
				SUPPORTS_MAC_DESIGNED_FOR_IPHONE_IPAD = NO;
				SWIFT_EMIT_LOC_STRINGS = YES;
				SWIFT_VERSION = 5.0;
				TARGETED_DEVICE_FAMILY = 1;
			};
			name = Debug;
		};
		FDF4D0CD2B32264C005ED3A3 /* Release */ = {
			isa = XCBuildConfiguration;
			buildSettings = {
				ASSETCATALOG_COMPILER_APPICON_NAME = AppIcon;
				ASSETCATALOG_COMPILER_GLOBAL_ACCENT_COLOR_NAME = AccentColor;
				CODE_SIGN_STYLE = Automatic;
				CURRENT_PROJECT_VERSION = 1;
				DEVELOPMENT_TEAM = 5XHF8YABJ7;
				GENERATE_INFOPLIST_FILE = YES;
				INFOPLIST_FILE = MarsNikitaVolkodav/SuportingFiles/Info.plist;
				INFOPLIST_KEY_UIApplicationSupportsIndirectInputEvents = YES;
				INFOPLIST_KEY_UILaunchStoryboardName = Main.storyboard;
				INFOPLIST_KEY_UIMainStoryboardFile = Main;
				INFOPLIST_KEY_UIStatusBarStyle = "";
				INFOPLIST_KEY_UISupportedInterfaceOrientations = UIInterfaceOrientationPortrait;
				INFOPLIST_KEY_UISupportedInterfaceOrientations_iPad = "UIInterfaceOrientationLandscapeLeft UIInterfaceOrientationLandscapeRight UIInterfaceOrientationPortrait UIInterfaceOrientationPortraitUpsideDown";
				IPHONEOS_DEPLOYMENT_TARGET = 14.0;
				LD_RUNPATH_SEARCH_PATHS = (
					"$(inherited)",
					"@executable_path/Frameworks",
				);
				MARKETING_VERSION = 1.0;
				PRODUCT_BUNDLE_IDENTIFIER = com.ua.NikitaVolkodav.MarsNikitaVolkodav;
				PRODUCT_NAME = "$(TARGET_NAME)";
				SUPPORTED_PLATFORMS = "iphoneos iphonesimulator";
				SUPPORTS_MACCATALYST = NO;
				SUPPORTS_MAC_DESIGNED_FOR_IPHONE_IPAD = NO;
				SWIFT_EMIT_LOC_STRINGS = YES;
				SWIFT_VERSION = 5.0;
				TARGETED_DEVICE_FAMILY = 1;
			};
			name = Release;
		};
/* End XCBuildConfiguration section */

/* Begin XCConfigurationList section */
		FDF4D0AF2B32264A005ED3A3 /* Build configuration list for PBXProject "MarsNikitaVolkodav" */ = {
			isa = XCConfigurationList;
			buildConfigurations = (
				FDF4D0C92B32264C005ED3A3 /* Debug */,
				FDF4D0CA2B32264C005ED3A3 /* Release */,
			);
			defaultConfigurationIsVisible = 0;
			defaultConfigurationName = Release;
		};
		FDF4D0CB2B32264C005ED3A3 /* Build configuration list for PBXNativeTarget "MarsNikitaVolkodav" */ = {
			isa = XCConfigurationList;
			buildConfigurations = (
				FDF4D0CC2B32264C005ED3A3 /* Debug */,
				FDF4D0CD2B32264C005ED3A3 /* Release */,
			);
			defaultConfigurationIsVisible = 0;
			defaultConfigurationName = Release;
		};
/* End XCConfigurationList section */

/* Begin XCRemoteSwiftPackageReference section */
		FDF4D0D42B323527005ED3A3 /* XCRemoteSwiftPackageReference "lottie-ios" */ = {
			isa = XCRemoteSwiftPackageReference;
			repositoryURL = "https://github.com/airbnb/lottie-ios.git";
			requirement = {
				kind = upToNextMajorVersion;
				minimumVersion = 4.0.0;
			};
		};
/* End XCRemoteSwiftPackageReference section */

/* Begin XCSwiftPackageProductDependency section */
		FDF4D0D52B323527005ED3A3 /* Lottie */ = {
			isa = XCSwiftPackageProductDependency;
			package = FDF4D0D42B323527005ED3A3 /* XCRemoteSwiftPackageReference "lottie-ios" */;
			productName = Lottie;
		};
/* End XCSwiftPackageProductDependency section */

/* Begin XCVersionGroup section */
		FDF4D0C02B32264B005ED3A3 /* MarsNikitaVolkodav.xcdatamodeld */ = {
			isa = XCVersionGroup;
			children = (
				FDF4D0C12B32264B005ED3A3 /* MarsNikitaVolkodav.xcdatamodel */,
			);
			currentVersion = FDF4D0C12B32264B005ED3A3 /* MarsNikitaVolkodav.xcdatamodel */;
			path = MarsNikitaVolkodav.xcdatamodeld;
			sourceTree = "<group>";
			versionGroupType = wrapper.xcdatamodel;
		};
/* End XCVersionGroup section */
	};
	rootObject = FDF4D0AC2B32264A005ED3A3 /* Project object */;
}
